
Microsoft Visual Studio Solution File, Format Version 12.00
# Visual Studio Version 16
VisualStudioVersion = 16.0.31702.278
MinimumVisualStudioVersion = 10.0.40219.1
Project("{FAE04EC0-301F-11D3-BF4B-00C04F79EFBC}") = "home work 2 bank", "home work 2 bank.csproj", "{7615298E-D3D5-473D-9979-469C1A0D6ADA}"
EndProject
Project("{FAE04EC0-301F-11D3-BF4B-00C04F79EFBC}") = "bank_2", "..\bank_2\bank_2.csproj", "{A8271BEF-2251-485D-8B48-EE6D144ED532}"
EndProject
Global
	GlobalSection(SolutionConfigurationPlatforms) = preSolution
		Debug|Any CPU = Debug|Any CPU
		Release|Any CPU = Release|Any CPU
	EndGlobalSection
	GlobalSection(ProjectConfigurationPlatforms) = postSolution
		{7615298E-D3D5-473D-9979-469C1A0D6ADA}.Debug|Any CPU.ActiveCfg = Debug|Any CPU
		{7615298E-D3D5-473D-9979-469C1A0D6ADA}.Debug|Any CPU.Build.0 = Debug|Any CPU
		{7615298E-D3D5-473D-9979-469C1A0D6ADA}.Release|Any CPU.ActiveCfg = Release|Any CPU
		{7615298E-D3D5-473D-9979-469C1A0D6ADA}.Release|Any CPU.Build.0 = Release|Any CPU
		{A8271BEF-2251-485D-8B48-EE6D144ED532}.Debug|Any CPU.ActiveCfg = Debug|Any CPU
		{A8271BEF-2251-485D-8B48-EE6D144ED532}.Debug|Any CPU.Build.0 = Debug|Any CPU
		{A8271BEF-2251-485D-8B48-EE6D144ED532}.Release|Any CPU.ActiveCfg = Release|Any CPU
		{A8271BEF-2251-485D-8B48-EE6D144ED532}.Release|Any CPU.Build.0 = Release|Any CPU
	EndGlobalSection
	GlobalSection(SolutionProperties) = preSolution
		HideSolutionNode = FALSE
	EndGlobalSection
	GlobalSection(ExtensibilityGlobals) = postSolution
		SolutionGuid = {81CCC89B-CEBF-43E7-B423-45902FD1EB14}
	EndGlobalSection
EndGlobal
