
Microsoft Visual Studio Solution File, Format Version 12.00
# Visual Studio Version 16
VisualStudioVersion = 16.0.31702.278
MinimumVisualStudioVersion = 10.0.40219.1
Project("{FAE04EC0-301F-11D3-BF4B-00C04F79EFBC}") = "OOP_Home_Work_Bank", "OOP_Home_Work_Bank.csproj", "{CC2E61E6-4362-413E-8863-B3A1BAD6B99E}"
EndProject
Global
	GlobalSection(SolutionConfigurationPlatforms) = preSolution
		Debug|Any CPU = Debug|Any CPU
		Release|Any CPU = Release|Any CPU
	EndGlobalSection
	GlobalSection(ProjectConfigurationPlatforms) = postSolution
		{CC2E61E6-4362-413E-8863-B3A1BAD6B99E}.Debug|Any CPU.ActiveCfg = Debug|Any CPU
		{CC2E61E6-4362-413E-8863-B3A1BAD6B99E}.Debug|Any CPU.Build.0 = Debug|Any CPU
		{CC2E61E6-4362-413E-8863-B3A1BAD6B99E}.Release|Any CPU.ActiveCfg = Release|Any CPU
		{CC2E61E6-4362-413E-8863-B3A1BAD6B99E}.Release|Any CPU.Build.0 = Release|Any CPU
	EndGlobalSection
	GlobalSection(SolutionProperties) = preSolution
		HideSolutionNode = FALSE
	EndGlobalSection
	GlobalSection(ExtensibilityGlobals) = postSolution
		SolutionGuid = {6FA98776-9104-4B33-B092-6423B9971A4B}
	EndGlobalSection
EndGlobal
